
Microsoft Visual Studio Solution File, Format Version 12.00
# Visual Studio Version 17
VisualStudioVersion = 17.13.35919.96 d17.13
MinimumVisualStudioVersion = 10.0.40219.1
Project("{FAE04EC0-301F-11D3-BF4B-00C04F79EFBC}") = "ClinicPatient", "ClinicPatient.csproj", "{625DF439-4ECC-4A85-AD76-9BBFB92B4D2B}"
EndProject
Global
	GlobalSection(SolutionConfigurationPlatforms) = preSolution
		Debug|Any CPU = Debug|Any CPU
		Release|Any CPU = Release|Any CPU
	EndGlobalSection
	GlobalSection(ProjectConfigurationPlatforms) = postSolution
		{625DF439-4ECC-4A85-AD76-9BBFB92B4D2B}.Debug|Any CPU.ActiveCfg = Debug|Any CPU
		{625DF439-4ECC-4A85-AD76-9BBFB92B4D2B}.Debug|Any CPU.Build.0 = Debug|Any CPU
		{625DF439-4ECC-4A85-AD76-9BBFB92B4D2B}.Release|Any CPU.ActiveCfg = Release|Any CPU
		{625DF439-4ECC-4A85-AD76-9BBFB92B4D2B}.Release|Any CPU.Build.0 = Release|Any CPU
	EndGlobalSection
	GlobalSection(SolutionProperties) = preSolution
		HideSolutionNode = FALSE
	EndGlobalSection
	GlobalSection(ExtensibilityGlobals) = postSolution
		SolutionGuid = {6B42F9B2-4ACB-4A74-B279-ED00E4189927}
	EndGlobalSection
EndGlobal
